
Microsoft Visual Studio Solution File, Format Version 12.00
# Visual Studio Version 16
VisualStudioVersion = 16.0.32802.440
MinimumVisualStudioVersion = 10.0.40219.1
Project("{FAE04EC0-301F-11D3-BF4B-00C04F79EFBC}") = "Proyecto de Acceso a Base de Datos Access", "Proyecto de Acceso a Base de Datos Access.csproj", "{89970D66-EBC9-4EE5-B769-94A425C01000}"
EndProject
Global
	GlobalSection(SolutionConfigurationPlatforms) = preSolution
		Debug|Any CPU = Debug|Any CPU
		Release|Any CPU = Release|Any CPU
	EndGlobalSection
	GlobalSection(ProjectConfigurationPlatforms) = postSolution
		{89970D66-EBC9-4EE5-B769-94A425C01000}.Debug|Any CPU.ActiveCfg = Debug|Any CPU
		{89970D66-EBC9-4EE5-B769-94A425C01000}.Debug|Any CPU.Build.0 = Debug|Any CPU
		{89970D66-EBC9-4EE5-B769-94A425C01000}.Release|Any CPU.ActiveCfg = Release|Any CPU
		{89970D66-EBC9-4EE5-B769-94A425C01000}.Release|Any CPU.Build.0 = Release|Any CPU
	EndGlobalSection
	GlobalSection(SolutionProperties) = preSolution
		HideSolutionNode = FALSE
	EndGlobalSection
	GlobalSection(ExtensibilityGlobals) = postSolution
		SolutionGuid = {4CD0E880-F829-409E-AD7E-DA0F3C7E8866}
	EndGlobalSection
EndGlobal
